
Microsoft Visual Studio Solution File, Format Version 12.00
# Visual Studio Version 17
VisualStudioVersion = 17.7.34009.444
MinimumVisualStudioVersion = 10.0.40219.1
Project("{FAE04EC0-301F-11D3-BF4B-00C04F79EFBC}") = "StrategyPattern", "StrategyPattern.csproj", "{0CA7CC0E-A9E2-4CDC-8DAD-3E8EFF99C0C4}"
EndProject
Global
	GlobalSection(SolutionConfigurationPlatforms) = preSolution
		Debug|Any CPU = Debug|Any CPU
		Release|Any CPU = Release|Any CPU
	EndGlobalSection
	GlobalSection(ProjectConfigurationPlatforms) = postSolution
		{0CA7CC0E-A9E2-4CDC-8DAD-3E8EFF99C0C4}.Debug|Any CPU.ActiveCfg = Debug|Any CPU
		{0CA7CC0E-A9E2-4CDC-8DAD-3E8EFF99C0C4}.Debug|Any CPU.Build.0 = Debug|Any CPU
		{0CA7CC0E-A9E2-4CDC-8DAD-3E8EFF99C0C4}.Release|Any CPU.ActiveCfg = Release|Any CPU
		{0CA7CC0E-A9E2-4CDC-8DAD-3E8EFF99C0C4}.Release|Any CPU.Build.0 = Release|Any CPU
	EndGlobalSection
	GlobalSection(SolutionProperties) = preSolution
		HideSolutionNode = FALSE
	EndGlobalSection
	GlobalSection(ExtensibilityGlobals) = postSolution
		SolutionGuid = {DDA7246C-6BD1-4BEB-A2D5-A70E542A25F3}
	EndGlobalSection
EndGlobal
